
Microsoft Visual Studio Solution File, Format Version 12.00
# Visual Studio Version 17
VisualStudioVersion = 17.9.34622.214
MinimumVisualStudioVersion = 10.0.40219.1
Project("{2150E333-8FDC-42A3-9474-1A3956D46DE8}") = "Core", "Core", "{A35F4EB2-8BE4-4C37-9BCF-09A23ABF1920}"
EndProject
Project("{9A19103F-16F7-4668-BE54-9A1E7A4F7556}") = "CarBookUdemy.Domain", "Core\CarBookUdemy.Domain\CarBookUdemy.Domain.csproj", "{071F2C87-F6CC-4CB9-9B88-62BA18EDB3C3}"
EndProject
Project("{2150E333-8FDC-42A3-9474-1A3956D46DE8}") = "Infrastructure", "Infrastructure", "{DF3DCCB6-DCC5-4EC6-B09A-1C47B534CFD9}"
EndProject
Project("{9A19103F-16F7-4668-BE54-9A1E7A4F7556}") = "UdemyCarBook.Persistence", "Infrastructure\UdemyCarBook.Persistence\UdemyCarBook.Persistence.csproj", "{31AA2717-7FD1-4CE1-8F3B-E514E065377E}"
EndProject
Project("{2150E333-8FDC-42A3-9474-1A3956D46DE8}") = "Presentation", "Presentation", "{11156B5B-7AB6-48F4-A0C6-E68A4AD7CC1E}"
EndProject
Project("{9A19103F-16F7-4668-BE54-9A1E7A4F7556}") = "CarBookUdemy.WebApi", "Presentation\CarBookUdemy.WebApi\CarBookUdemy.WebApi.csproj", "{E7412941-490A-4575-BEF4-C9321CEC071B}"
EndProject
Project("{9A19103F-16F7-4668-BE54-9A1E7A4F7556}") = "CarBookUdemy.Application", "Core\CarBookUdemy.Application\CarBookUdemy.Application.csproj", "{5CE05D42-7D0C-4235-9B38-1E77FC736E3F}"
EndProject
Project("{2150E333-8FDC-42A3-9474-1A3956D46DE8}") = "Frontends", "Frontends", "{7AAF409F-09D3-488E-B43A-885EF16F84D1}"
EndProject
Project("{9A19103F-16F7-4668-BE54-9A1E7A4F7556}") = "CarBook.WebUI", "Frontends\CarBook.WebUI\CarBook.WebUI.csproj", "{0C6BA456-CABC-46EA-8923-8DB85A3A91C5}"
EndProject
Project("{FAE04EC0-301F-11D3-BF4B-00C04F79EFBC}") = "UdemyCarBook.Dto", "Frontends\UdemyCarBook.Dto\UdemyCarBook.Dto.csproj", "{5E7F43B5-42D0-48D5-9FE6-4D7D3F676803}"
EndProject
Global
	GlobalSection(SolutionConfigurationPlatforms) = preSolution
		Debug|Any CPU = Debug|Any CPU
		Release|Any CPU = Release|Any CPU
	EndGlobalSection
	GlobalSection(ProjectConfigurationPlatforms) = postSolution
		{071F2C87-F6CC-4CB9-9B88-62BA18EDB3C3}.Debug|Any CPU.ActiveCfg = Debug|Any CPU
		{071F2C87-F6CC-4CB9-9B88-62BA18EDB3C3}.Debug|Any CPU.Build.0 = Debug|Any CPU
		{071F2C87-F6CC-4CB9-9B88-62BA18EDB3C3}.Release|Any CPU.ActiveCfg = Release|Any CPU
		{071F2C87-F6CC-4CB9-9B88-62BA18EDB3C3}.Release|Any CPU.Build.0 = Release|Any CPU
		{31AA2717-7FD1-4CE1-8F3B-E514E065377E}.Debug|Any CPU.ActiveCfg = Debug|Any CPU
		{31AA2717-7FD1-4CE1-8F3B-E514E065377E}.Debug|Any CPU.Build.0 = Debug|Any CPU
		{31AA2717-7FD1-4CE1-8F3B-E514E065377E}.Release|Any CPU.ActiveCfg = Release|Any CPU
		{31AA2717-7FD1-4CE1-8F3B-E514E065377E}.Release|Any CPU.Build.0 = Release|Any CPU
		{E7412941-490A-4575-BEF4-C9321CEC071B}.Debug|Any CPU.ActiveCfg = Debug|Any CPU
		{E7412941-490A-4575-BEF4-C9321CEC071B}.Debug|Any CPU.Build.0 = Debug|Any CPU
		{E7412941-490A-4575-BEF4-C9321CEC071B}.Release|Any CPU.ActiveCfg = Release|Any CPU
		{E7412941-490A-4575-BEF4-C9321CEC071B}.Release|Any CPU.Build.0 = Release|Any CPU
		{5CE05D42-7D0C-4235-9B38-1E77FC736E3F}.Debug|Any CPU.ActiveCfg = Debug|Any CPU
		{5CE05D42-7D0C-4235-9B38-1E77FC736E3F}.Debug|Any CPU.Build.0 = Debug|Any CPU
		{5CE05D42-7D0C-4235-9B38-1E77FC736E3F}.Release|Any CPU.ActiveCfg = Release|Any CPU
		{5CE05D42-7D0C-4235-9B38-1E77FC736E3F}.Release|Any CPU.Build.0 = Release|Any CPU
		{0C6BA456-CABC-46EA-8923-8DB85A3A91C5}.Debug|Any CPU.ActiveCfg = Debug|Any CPU
		{0C6BA456-CABC-46EA-8923-8DB85A3A91C5}.Debug|Any CPU.Build.0 = Debug|Any CPU
		{0C6BA456-CABC-46EA-8923-8DB85A3A91C5}.Release|Any CPU.ActiveCfg = Release|Any CPU
		{0C6BA456-CABC-46EA-8923-8DB85A3A91C5}.Release|Any CPU.Build.0 = Release|Any CPU
		{5E7F43B5-42D0-48D5-9FE6-4D7D3F676803}.Debug|Any CPU.ActiveCfg = Debug|Any CPU
		{5E7F43B5-42D0-48D5-9FE6-4D7D3F676803}.Debug|Any CPU.Build.0 = Debug|Any CPU
		{5E7F43B5-42D0-48D5-9FE6-4D7D3F676803}.Release|Any CPU.ActiveCfg = Release|Any CPU
		{5E7F43B5-42D0-48D5-9FE6-4D7D3F676803}.Release|Any CPU.Build.0 = Release|Any CPU
	EndGlobalSection
	GlobalSection(SolutionProperties) = preSolution
		HideSolutionNode = FALSE
	EndGlobalSection
	GlobalSection(NestedProjects) = preSolution
		{071F2C87-F6CC-4CB9-9B88-62BA18EDB3C3} = {A35F4EB2-8BE4-4C37-9BCF-09A23ABF1920}
		{31AA2717-7FD1-4CE1-8F3B-E514E065377E} = {DF3DCCB6-DCC5-4EC6-B09A-1C47B534CFD9}
		{E7412941-490A-4575-BEF4-C9321CEC071B} = {11156B5B-7AB6-48F4-A0C6-E68A4AD7CC1E}
		{5CE05D42-7D0C-4235-9B38-1E77FC736E3F} = {A35F4EB2-8BE4-4C37-9BCF-09A23ABF1920}
		{0C6BA456-CABC-46EA-8923-8DB85A3A91C5} = {7AAF409F-09D3-488E-B43A-885EF16F84D1}
		{5E7F43B5-42D0-48D5-9FE6-4D7D3F676803} = {7AAF409F-09D3-488E-B43A-885EF16F84D1}
	EndGlobalSection
	GlobalSection(ExtensibilityGlobals) = postSolution
		SolutionGuid = {3E10BB81-8C9B-4C37-92B0-4A2169028AE6}
	EndGlobalSection
EndGlobal
